
Microsoft Visual Studio Solution File, Format Version 12.00
# Visual Studio 2012
Project("{FAE04EC0-301F-11D3-BF4B-00C04F79EFBC}") = "ProjetExplications.Core", "ProjetExplications\ProjetExplications.Core.csproj", "{288B5FD1-A44F-4442-AF0C-D59B06735964}"
EndProject
Project("{FAE04EC0-301F-11D3-BF4B-00C04F79EFBC}") = "ProjetExplications.Droid", "ProjetExplications.Droid\ProjetExplications.Droid.csproj", "{5A7A84AE-375E-47DA-BDE6-2CD46463133F}"
EndProject
Global
	GlobalSection(SolutionConfigurationPlatforms) = preSolution
		Debug|Any CPU = Debug|Any CPU
		Release|Any CPU = Release|Any CPU
	EndGlobalSection
	GlobalSection(ProjectConfigurationPlatforms) = postSolution
		{288B5FD1-A44F-4442-AF0C-D59B06735964}.Debug|Any CPU.ActiveCfg = Debug|Any CPU
		{288B5FD1-A44F-4442-AF0C-D59B06735964}.Debug|Any CPU.Build.0 = Debug|Any CPU
		{288B5FD1-A44F-4442-AF0C-D59B06735964}.Release|Any CPU.ActiveCfg = Release|Any CPU
		{288B5FD1-A44F-4442-AF0C-D59B06735964}.Release|Any CPU.Build.0 = Release|Any CPU
		{5A7A84AE-375E-47DA-BDE6-2CD46463133F}.Debug|Any CPU.ActiveCfg = Debug|Any CPU
		{5A7A84AE-375E-47DA-BDE6-2CD46463133F}.Debug|Any CPU.Build.0 = Debug|Any CPU
		{5A7A84AE-375E-47DA-BDE6-2CD46463133F}.Release|Any CPU.ActiveCfg = Release|Any CPU
		{5A7A84AE-375E-47DA-BDE6-2CD46463133F}.Release|Any CPU.Build.0 = Release|Any CPU
	EndGlobalSection
EndGlobal
